github.com/beorn7/perks v1.0.1 h1:VlbKKnNfV8bJzeqoa4cOKqO6bYr3WgKZxO8Z16+hsOM=
github.com/beorn7/perks v1.0.1/go.mod h1:G2ZrVWU2WbWT9wwq4/hrbKbnv/1ERSJQ0ibhJ6rlkpw=
github.com/cespare/xxhash/v2 v2.2.0 h1:DC2CZ1Ep5Y4k3ZQ899DldepgrayRUGE6BBZ/cd9Cj44=
github.com/cespare/xxhash/v2 v2.2.0/go.mod h1:VGX0DQ3Q6kWi7AoAeZDth3/j3BFtOZR5XLFGgcrjCOs=
github.com/google/go-cmp v0.6.0 h1:ofyhxvXcZhMsU5ulbFiLKl/XBFqE1GSq7atu8tAmTRI=
github.com/google/go-cmp v0.6.0/go.mod h1:17dUlkBOakJ0+DkrSSNjCkIjxS6bF9zb3elmeNGIjoY=
github.com/ondi/go-cache v0.0.0-20230425151132-e34113a7989a h1:GiJ4x7qusRIfRmC52vcXE8GfNojglGDEHAox37hxchs=
github.com/ondi/go-cache v0.0.0-20230425151132-e34113a7989a/go.mod h1:KHvTO08bISVccwhHh62tNAJHn/P9vS9RTDvW9CKX6hA=
github.com/ondi/go-tst v0.0.0-20240405094949-79ce10d4595a h1:VkzmwpVO6lgkoEZ3BTQgMWiVmKn52D0Ar5kUoXEqmSk=
github.com/ondi/go-tst v0.0.0-20240405094949-79ce10d4595a/go.mod h1:6kGHTJHkpxi9KFaH5mupvt+MBWGuPvdMjpIxu6l0Pmg=
github.com/ondi/go-unique v0.0.0-20231130094016-195652c55cd2 h1:7ivNLpoUg81zViTUivtH3W78rADgNK7A9yGVAkqPedg=
github.com/ondi/go-unique v0.0.0-20231130094016-195652c55cd2/go.mod h1:7lz3PtG0QGeCZvz6MnXXb6m8zs4BSw/HMEqUDsyAixw=
github.com/pkg/errors v0.9.1 h1:FEBLx1zS214owpjy7qsBeixbURkuhQAwrK5UwLGTwt4=
github.com/pkg/errors v0.9.1/go.mod h1:bwawxfHBFNV+L2hUp1rHADufV3IMtnDRdf1r5NINEl0=
github.com/prometheus/client_golang v1.19.0 h1:ygXvpU1AoN1MhdzckN+PyD9QJOSD4x7kmXYlnfbA6JU=
github.com/prometheus/client_golang v1.19.0/go.mod h1:ZRM9uEAypZakd+q/x7+gmsvXdURP+DABIEIjnmDdp+k=
github.com/prometheus/client_model v0.6.1 h1:ZKSh/rekM+n3CeS952MLRAdFwIKqeY8b62p8ais2e9E=
github.com/prometheus/client_model v0.6.1/go.mod h1:OrxVMOVHjw3lKMa8+x6HeMGkHMQyHDk9E3jmP2AmGiY=
github.com/prometheus/common v0.52.2 h1:LW8Vk7BccEdONfrJBDffQGRtpSzi5CQaRZGtboOO2ck=
github.com/prometheus/common v0.52.2/go.mod h1:lrWtQx+iDfn2mbH5GUzlH9TSHyfZpHkSiG1W7y3sF2Q=
github.com/prometheus/procfs v0.13.0 h1:GqzLlQyfsPbaEHaQkO7tbDlriv/4o5Hudv6OXHGKX7o=
github.com/prometheus/procfs v0.13.0/go.mod h1:cd4PFCR54QLnGKPaKGA6l+cfuNXtht43ZKY6tow0Y1g=
golang.org/x/sys v0.18.0 h1:DBdB3niSjOA/O0blCZBqDefyWNYveAYMNF1Wum0DYQ4=
golang.org/x/sys v0.18.0/go.mod h1:/VUhepiaJMQUp4+oa/7Zr1D23ma6VTLIYjOOTFZPUcA=
google.golang.org/protobuf v1.33.0 h1:uNO2rsAINq/JlFpSdYEKIZ0uKD/R9cpdv0T+yoGwGmI=
google.golang.org/protobuf v1.33.0/go.mod h1:c6P6GXX6sHbq/GpV6MGZEdwhWPcYBgnhAHhKbcUYpos=
gotest.tools v2.2.0+incompatible h1:VsBPFP1AI068pPrMxtb/S8Zkgf9xEmTLJjfM+P5UIEo=
gotest.tools v2.2.0+incompatible/go.mod h1:DsYFclhRJ6vuDpmuTbkuFWG+y2sxOXAzmJt81HFBacw=
