github.com/google/go-cmp v0.5.6/go.mod h1:v8dTdLbMG2kIc/vJvl+f65V22dbkXbowE6jgT/gNBxE=
github.com/google/go-cmp v0.5.7 h1:81/ik6ipDQS2aGcBfIN5dHDB36BwrStyeAQquSYCV4o=
github.com/google/go-cmp v0.5.7/go.mod h1:n+brtR0CgQNWTVd5ZUFpTBC8YFBDLK/h/bpaJ8/DtOE=
github.com/ondi/go-cache v0.0.0-20211111075227-baee44a21c32 h1:kFSGqrJAeDhlw0pwwxa6fnIBNAveDsjHtlOuLLIKKRk=
github.com/ondi/go-cache v0.0.0-20211111075227-baee44a21c32/go.mod h1:HulK+k5quc9p66O3LhEzMsgeXfJJRD+UCA6Oi35Kfzw=
github.com/ondi/go-unique v0.0.0-20211204170644-e85d8018eb5c h1:DuGX1TlgMGNsysEVUk3uaNn8PLwYVn2CMaIVMoh+IMs=
github.com/ondi/go-unique v0.0.0-20211204170644-e85d8018eb5c/go.mod h1:ul+3HbdZkw+Fu3L5CojXpUP6z3f53mVS4dTgO7zGw9g=
github.com/pkg/errors v0.9.1 h1:FEBLx1zS214owpjy7qsBeixbURkuhQAwrK5UwLGTwt4=
github.com/pkg/errors v0.9.1/go.mod h1:bwawxfHBFNV+L2hUp1rHADufV3IMtnDRdf1r5NINEl0=
golang.org/x/xerrors v0.0.0-20191204190536-9bdfabe68543 h1:E7g+9GITq07hpfrRu66IVDexMakfv52eLZ2CXBWiKr4=
golang.org/x/xerrors v0.0.0-20191204190536-9bdfabe68543/go.mod h1:I/5z698sn9Ka8TeJc9MKroUUfqBBauWjQqLJ2OPfmY0=
gotest.tools v2.2.0+incompatible h1:VsBPFP1AI068pPrMxtb/S8Zkgf9xEmTLJjfM+P5UIEo=
gotest.tools v2.2.0+incompatible/go.mod h1:DsYFclhRJ6vuDpmuTbkuFWG+y2sxOXAzmJt81HFBacw=
